{
  "name": "tmp-901d37",
  "lockfileVersion": 3,
  "requires": true,
  "packages": {
    "": {
      "dependencies": {
        "@microsoft/m365agentsplayground": "^0.2.24"
      }
    },
    "node_modules/@microsoft/m365agentsplayground": {
      "version": "0.2.24",
      "resolved": "https://registry.npmjs.org/@microsoft/m365agentsplayground/-/m365agentsplayground-0.2.24.tgz",
      "integrity": "sha512-Kb411Q5xSxluSJ69ViU/XeqorrjVml3tm7NHp4+7xkw0K6YWsrORun6R4GN/mUPS19zYowqlZnN+L5h5FBYM7Q==",
      "license": "SEE LICENSE IN LICENSE",
      "bin": {
        "agentsplayground": "cli.js",
        "teamsapptester": "cli.js"
      }
    }
  }
}
